
Microsoft Visual Studio Solution File, Format Version 12.00
# Visual Studio Version 16
VisualStudioVersion = 16.0.30711.63
MinimumVisualStudioVersion = 10.0.40219.1
Project("{FAE04EC0-301F-11D3-BF4B-00C04F79EFBC}") = "HolaMundoReactNet", "HolaMundoReactNet\HolaMundoReactNet.csproj", "{644C8A5C-2CA4-4C82-BFA6-2551339AA742}"
EndProject
Global
	GlobalSection(SolutionConfigurationPlatforms) = preSolution
		Debug|Any CPU = Debug|Any CPU
		Release|Any CPU = Release|Any CPU
	EndGlobalSection
	GlobalSection(ProjectConfigurationPlatforms) = postSolution
		{644C8A5C-2CA4-4C82-BFA6-2551339AA742}.Debug|Any CPU.ActiveCfg = Debug|Any CPU
		{644C8A5C-2CA4-4C82-BFA6-2551339AA742}.Debug|Any CPU.Build.0 = Debug|Any CPU
		{644C8A5C-2CA4-4C82-BFA6-2551339AA742}.Release|Any CPU.ActiveCfg = Release|Any CPU
		{644C8A5C-2CA4-4C82-BFA6-2551339AA742}.Release|Any CPU.Build.0 = Release|Any CPU
	EndGlobalSection
	GlobalSection(SolutionProperties) = preSolution
		HideSolutionNode = FALSE
	EndGlobalSection
	GlobalSection(ExtensibilityGlobals) = postSolution
		SolutionGuid = {4A0DF400-8879-4228-82B7-E92CADB23B6F}
	EndGlobalSection
EndGlobal
